
Microsoft Visual Studio Solution File, Format Version 12.00
# Visual Studio 15
VisualStudioVersion = 15.0.28010.2036
MinimumVisualStudioVersion = 10.0.40219.1
Project("{8BC9CEB8-8B4A-11D0-8D11-00A0C91BC942}") = "Lab2", "Lab2\Lab2.vcxproj", "{AA8F1153-9AA5-4EA7-AAA5-7021F95C5BE7}"
EndProject
Global
	GlobalSection(SolutionConfigurationPlatforms) = preSolution
		Debug|x64 = Debug|x64
		Debug|x86 = Debug|x86
		Release|x64 = Release|x64
		Release|x86 = Release|x86
	EndGlobalSection
	GlobalSection(ProjectConfigurationPlatforms) = postSolution
		{AA8F1153-9AA5-4EA7-AAA5-7021F95C5BE7}.Debug|x64.ActiveCfg = Debug|x64
		{AA8F1153-9AA5-4EA7-AAA5-7021F95C5BE7}.Debug|x64.Build.0 = Debug|x64
		{AA8F1153-9AA5-4EA7-AAA5-7021F95C5BE7}.Debug|x86.ActiveCfg = Debug|Win32
		{AA8F1153-9AA5-4EA7-AAA5-7021F95C5BE7}.Debug|x86.Build.0 = Debug|Win32
		{AA8F1153-9AA5-4EA7-AAA5-7021F95C5BE7}.Release|x64.ActiveCfg = Release|x64
		{AA8F1153-9AA5-4EA7-AAA5-7021F95C5BE7}.Release|x64.Build.0 = Release|x64
		{AA8F1153-9AA5-4EA7-AAA5-7021F95C5BE7}.Release|x86.ActiveCfg = Release|Win32
		{AA8F1153-9AA5-4EA7-AAA5-7021F95C5BE7}.Release|x86.Build.0 = Release|Win32
	EndGlobalSection
	GlobalSection(SolutionProperties) = preSolution
		HideSolutionNode = FALSE
	EndGlobalSection
	GlobalSection(ExtensibilityGlobals) = postSolution
		SolutionGuid = {B1F60019-C5FE-42C4-9777-0CD2FA75890E}
	EndGlobalSection
EndGlobal
